Microsoft Visual Studio Solution File, Format Version 12.00
# Visual Studio 15
VisualStudioVersion = 15.0.28010.2048
MinimumVisualStudioVersion = 10.0.40219.1
Project("{9A19103F-16F7-4668-BE54-9A1E7A4F7556}") = "Telepathy", "Telepathy\Telepathy.csproj", "{1D55A635-BC4E-4DDE-8D9A-044956F75A24}"
EndProject
Project("{9A19103F-16F7-4668-BE54-9A1E7A4F7556}") = "Telepathy.Tests", "Telepathy.Tests\Telepathy.Tests.csproj", "{6C338324-3555-4F6B-B72B-E8523319B05F}"
EndProject
Project("{9A19103F-16F7-4668-BE54-9A1E7A4F7556}") = "MasterServer", "LobbyServer\MasterServer.csproj", "{1480C113-F3F2-4399-9A5F-35EFD22E80AD}"
EndProject
Project("{FAE04EC0-301F-11D3-BF4B-00C04F79EFBC}") = "SharedDataLib", "SharedDataLib\SharedDataLib.csproj", "{B37DFA52-90C4-40A6-B8C0-A9B0BB440031}"
EndProject
Global
	GlobalSection(SolutionConfigurationPlatforms) = preSolution
		Debug|Any CPU = Debug|Any CPU
		Release|Any CPU = Release|Any CPU
	EndGlobalSection
	GlobalSection(ProjectConfigurationPlatforms) = postSolution
		{1D55A635-BC4E-4DDE-8D9A-044956F75A24}.Debug|Any CPU.ActiveCfg = Debug|Any CPU
		{1D55A635-BC4E-4DDE-8D9A-044956F75A24}.Debug|Any CPU.Build.0 = Debug|Any CPU
		{1D55A635-BC4E-4DDE-8D9A-044956F75A24}.Release|Any CPU.ActiveCfg = Release|Any CPU
		{1D55A635-BC4E-4DDE-8D9A-044956F75A24}.Release|Any CPU.Build.0 = Release|Any CPU
		{6C338324-3555-4F6B-B72B-E8523319B05F}.Debug|Any CPU.ActiveCfg = Debug|Any CPU
		{6C338324-3555-4F6B-B72B-E8523319B05F}.Debug|Any CPU.Build.0 = Debug|Any CPU
		{6C338324-3555-4F6B-B72B-E8523319B05F}.Release|Any CPU.ActiveCfg = Release|Any CPU
		{6C338324-3555-4F6B-B72B-E8523319B05F}.Release|Any CPU.Build.0 = Release|Any CPU
		{1480C113-F3F2-4399-9A5F-35EFD22E80AD}.Debug|Any CPU.ActiveCfg = Debug|Any CPU
		{1480C113-F3F2-4399-9A5F-35EFD22E80AD}.Debug|Any CPU.Build.0 = Debug|Any CPU
		{1480C113-F3F2-4399-9A5F-35EFD22E80AD}.Release|Any CPU.ActiveCfg = Release|Any CPU
		{1480C113-F3F2-4399-9A5F-35EFD22E80AD}.Release|Any CPU.Build.0 = Release|Any CPU
		{B37DFA52-90C4-40A6-B8C0-A9B0BB440031}.Debug|Any CPU.ActiveCfg = Debug|Any CPU
		{B37DFA52-90C4-40A6-B8C0-A9B0BB440031}.Debug|Any CPU.Build.0 = Debug|Any CPU
		{B37DFA52-90C4-40A6-B8C0-A9B0BB440031}.Release|Any CPU.ActiveCfg = Release|Any CPU
		{B37DFA52-90C4-40A6-B8C0-A9B0BB440031}.Release|Any CPU.Build.0 = Release|Any CPU
	EndGlobalSection
	GlobalSection(SolutionProperties) = preSolution
		HideSolutionNode = FALSE
	EndGlobalSection
	GlobalSection(ExtensibilityGlobals) = postSolution
		SolutionGuid = {65BA9FEF-F164-43FF-BE4E-6D02738AD753}
	EndGlobalSection
EndGlobal
